{
    "name": "app",
    "version": "0.0.1",
    "lockfileVersion": 2,
    "requires": true,
    "packages": {
        "": {
            "name": "app",
            "version": "0.0.1",
            "dependencies": {
                "dependency1": "file:../dependency1-ts"
            }
        },
        "../dependency1-ts": {
            "name": "dependency1",
            "version": "0.0.1"
        },
        "node_modules/dependency1": {
            "resolved": "../dependency1-ts",
            "link": true
        }
    },
    "dependencies": {
        "dependency1": {
            "version": "file:../dependency1-ts"
        }
    }
}
